// !$*UTF8*$!
{
	archiveVersion = 1;
	classes = {
	};
	objectVersion = 50;
	objects = {

/* Begin PBXBuildFile section */
		65372ACB259D5252005E1D7D /* Color.swift in Sources */ = {isa = PBXBuildFile; fileRef = 65372ACA259D5252005E1D7D /* Color.swift */; };
		6587FB34259BB18E00A88891 /* PastapediaApp.swift in Sources */ = {isa = PBXBuildFile; fileRef = 6587FB33259BB18E00A88891 /* PastapediaApp.swift */; };
		6587FB36259BB18E00A88891 /* ContentView.swift in Sources */ = {isa = PBXBuildFile; fileRef = 6587FB35259BB18E00A88891 /* ContentView.swift */; };
		6587FB38259BB18F00A88891 /* Assets.xcassets in Resources */ = {isa = PBXBuildFile; fileRef = 6587FB37259BB18F00A88891 /* Assets.xcassets */; };
		6587FB3B259BB18F00A88891 /* Preview Assets.xcassets in Resources */ = {isa = PBXBuildFile; fileRef = 6587FB3A259BB18F00A88891 /* Preview Assets.xcassets */; };
		6587FB45259BB9E400A88891 /* pasta.json in Resources */ = {isa = PBXBuildFile; fileRef = 6587FB44259BB9E400A88891 /* pasta.json */; };
		6587FB49259BBA4100A88891 /* Pasta.swift in Sources */ = {isa = PBXBuildFile; fileRef = 6587FB48259BBA4100A88891 /* Pasta.swift */; };
		6587FB4E259BBCE600A88891 /* PastaListRow.swift in Sources */ = {isa = PBXBuildFile; fileRef = 6587FB4D259BBCE600A88891 /* PastaListRow.swift */; };
		6587FB58259BC5CD00A88891 /* PastaDetail.swift in Sources */ = {isa = PBXBuildFile; fileRef = 6587FB57259BC5CD00A88891 /* PastaDetail.swift */; };
		6587FB69259BE6C800A88891 /* PastaSizeView.swift in Sources */ = {isa = PBXBuildFile; fileRef = 6587FB68259BE6C800A88891 /* PastaSizeView.swift */; };
		6587FB6C259C462100A88891 /* ImageCreditView.swift in Sources */ = {isa = PBXBuildFile; fileRef = 6587FB6B259C462100A88891 /* ImageCreditView.swift */; };
		6587FB6F259CFF7500A88891 /* CookTimeView.swift in Sources */ = {isa = PBXBuildFile; fileRef = 6587FB6E259CFF7500A88891 /* CookTimeView.swift */; };
/* End PBXBuildFile section */

/* Begin PBXFileReference section */
		65372ACA259D5252005E1D7D /* Color.swift */ = {isa = PBXFileReference; lastKnownFileType = sourcecode.swift; path = Color.swift; sourceTree = "<group>"; };
		6587FB30259BB18E00A88891 /* Pastapedia.app */ = {isa = PBXFileReference; explicitFileType = wrapper.application; includeInIndex = 0; path = Pastapedia.app; sourceTree = BUILT_PRODUCTS_DIR; };
		6587FB33259BB18E00A88891 /* PastapediaApp.swift */ = {isa = PBXFileReference; lastKnownFileType = sourcecode.swift; path = PastapediaApp.swift; sourceTree = "<group>"; };
		6587FB35259BB18E00A88891 /* ContentView.swift */ = {isa = PBXFileReference; lastKnownFileType = sourcecode.swift; path = ContentView.swift; sourceTree = "<group>"; };
		6587FB37259BB18F00A88891 /* Assets.xcassets */ = {isa = PBXFileReference; lastKnownFileType = folder.assetcatalog; path = Assets.xcassets; sourceTree = "<group>"; };
		6587FB3A259BB18F00A88891 /* Preview Assets.xcassets */ = {isa = PBXFileReference; lastKnownFileType = folder.assetcatalog; path = "Preview Assets.xcassets"; sourceTree = "<group>"; };
		6587FB3C259BB18F00A88891 /* Info.plist */ = {isa = PBXFileReference; lastKnownFileType = text.plist.xml; path = Info.plist; sourceTree = "<group>"; };
		6587FB44259BB9E400A88891 /* pasta.json */ = {isa = PBXFileReference; fileEncoding = 4; lastKnownFileType = text.json; path = pasta.json; sourceTree = "<group>"; };
		6587FB48259BBA4100A88891 /* Pasta.swift */ = {isa = PBXFileReference; lastKnownFileType = sourcecode.swift; path = Pasta.swift; sourceTree = "<group>"; };
		6587FB4D259BBCE600A88891 /* PastaListRow.swift */ = {isa = PBXFileReference; lastKnownFileType = sourcecode.swift; path = PastaListRow.swift; sourceTree = "<group>"; };
		6587FB57259BC5CD00A88891 /* PastaDetail.swift */ = {isa = PBXFileReference; lastKnownFileType = sourcecode.swift; path = PastaDetail.swift; sourceTree = "<group>"; };
		6587FB68259BE6C800A88891 /* PastaSizeView.swift */ = {isa = PBXFileReference; lastKnownFileType = sourcecode.swift; path = PastaSizeView.swift; sourceTree = "<group>"; };
		6587FB6B259C462100A88891 /* ImageCreditView.swift */ = {isa = PBXFileReference; lastKnownFileType = sourcecode.swift; path = ImageCreditView.swift; sourceTree = "<group>"; };
		6587FB6E259CFF7500A88891 /* CookTimeView.swift */ = {isa = PBXFileReference; lastKnownFileType = sourcecode.swift; path = CookTimeView.swift; sourceTree = "<group>"; };
/* End PBXFileReference section */

/* Begin PBXFrameworksBuildPhase section */
		6587FB2D259BB18E00A88891 /* Frameworks */ = {
			isa = PBXFrameworksBuildPhase;
			buildActionMask = 2147483647;
			files = (
			);
			runOnlyForDeploymentPostprocessing = 0;
		};
/* End PBXFrameworksBuildPhase section */

/* Begin PBXGroup section */
		65372AC9259D5246005E1D7D /* Extensions */ = {
			isa = PBXGroup;
			children = (
				65372ACA259D5252005E1D7D /* Color.swift */,
			);
			path = Extensions;
			sourceTree = "<group>";
		};
		6587FB27259BB18E00A88891 = {
			isa = PBXGroup;
			children = (
				6587FB32259BB18E00A88891 /* Pastapedia */,
				6587FB31259BB18E00A88891 /* Products */,
			);
			sourceTree = "<group>";
		};
		6587FB31259BB18E00A88891 /* Products */ = {
			isa = PBXGroup;
			children = (
				6587FB30259BB18E00A88891 /* Pastapedia.app */,
			);
			name = Products;
			sourceTree = "<group>";
		};
		6587FB32259BB18E00A88891 /* Pastapedia */ = {
			isa = PBXGroup;
			children = (
				6587FB47259BBA3600A88891 /* Model */,
				6587FB4C259BBCB900A88891 /* Views */,
				6587FB43259BB32600A88891 /* Resources */,
				65372AC9259D5246005E1D7D /* Extensions */,
				6587FB33259BB18E00A88891 /* PastapediaApp.swift */,
				6587FB37259BB18F00A88891 /* Assets.xcassets */,
				6587FB3C259BB18F00A88891 /* Info.plist */,
				6587FB39259BB18F00A88891 /* Preview Content */,
			);
			path = Pastapedia;
			sourceTree = "<group>";
		};
		6587FB39259BB18F00A88891 /* Preview Content */ = {
			isa = PBXGroup;
			children = (
				6587FB3A259BB18F00A88891 /* Preview Assets.xcassets */,
			);
			path = "Preview Content";
			sourceTree = "<group>";
		};
		6587FB43259BB32600A88891 /* Resources */ = {
			isa = PBXGroup;
			children = (
				6587FB44259BB9E400A88891 /* pasta.json */,
			);
			path = Resources;
			sourceTree = "<group>";
		};
		6587FB47259BBA3600A88891 /* Model */ = {
			isa = PBXGroup;
			children = (
				6587FB48259BBA4100A88891 /* Pasta.swift */,
			);
			path = Model;
			sourceTree = "<group>";
		};
		6587FB4C259BBCB900A88891 /* Views */ = {
			isa = PBXGroup;
			children = (
				6587FB35259BB18E00A88891 /* ContentView.swift */,
				6587FB4D259BBCE600A88891 /* PastaListRow.swift */,
				6587FB57259BC5CD00A88891 /* PastaDetail.swift */,
				6587FB68259BE6C800A88891 /* PastaSizeView.swift */,
				6587FB6B259C462100A88891 /* ImageCreditView.swift */,
				6587FB6E259CFF7500A88891 /* CookTimeView.swift */,
			);
			path = Views;
			sourceTree = "<group>";
		};
/* End PBXGroup section */

/* Begin PBXNativeTarget section */
		6587FB2F259BB18E00A88891 /* Pastapedia */ = {
			isa = PBXNativeTarget;
			buildConfigurationList = 6587FB3F259BB18F00A88891 /* Build configuration list for PBXNativeTarget "Pastapedia" */;
			buildPhases = (
				6587FB2C259BB18E00A88891 /* Sources */,
				6587FB2D259BB18E00A88891 /* Frameworks */,
				6587FB2E259BB18E00A88891 /* Resources */,
			);
			buildRules = (
			);
			dependencies = (
			);
			name = Pastapedia;
			productName = Pastapedia;
			productReference = 6587FB30259BB18E00A88891 /* Pastapedia.app */;
			productType = "com.apple.product-type.application";
		};
/* End PBXNativeTarget section */

/* Begin PBXProject section */
		6587FB28259BB18E00A88891 /* Project object */ = {
			isa = PBXProject;
			attributes = {
				LastSwiftUpdateCheck = 1230;
				LastUpgradeCheck = 1230;
				TargetAttributes = {
					6587FB2F259BB18E00A88891 = {
						CreatedOnToolsVersion = 12.3;
					};
				};
			};
			buildConfigurationList = 6587FB2B259BB18E00A88891 /* Build configuration list for PBXProject "Pastapedia" */;
			compatibilityVersion = "Xcode 9.3";
			developmentRegion = en;
			hasScannedForEncodings = 0;
			knownRegions = (
				en,
				Base,
			);
			mainGroup = 6587FB27259BB18E00A88891;
			productRefGroup = 6587FB31259BB18E00A88891 /* Products */;
			projectDirPath = "";
			projectRoot = "";
			targets = (
				6587FB2F259BB18E00A88891 /* Pastapedia */,
			);
		};
/* End PBXProject section */

/* Begin PBXResourcesBuildPhase section */
		6587FB2E259BB18E00A88891 /* Resources */ = {
			isa = PBXResourcesBuildPhase;
			buildActionMask = 2147483647;
			files = (
				6587FB3B259BB18F00A88891 /* Preview Assets.xcassets in Resources */,
				6587FB38259BB18F00A88891 /* Assets.xcassets in Resources */,
				6587FB45259BB9E400A88891 /* pasta.json in Resources */,
			);
			runOnlyForDeploymentPostprocessing = 0;
		};
/* End PBXResourcesBuildPhase section */

/* Begin PBXSourcesBuildPhase section */
		6587FB2C259BB18E00A88891 /* Sources */ = {
			isa = PBXSourcesBuildPhase;
			buildActionMask = 2147483647;
			files = (
				6587FB36259BB18E00A88891 /* ContentView.swift in Sources */,
				6587FB34259BB18E00A88891 /* PastapediaApp.swift in Sources */,
				6587FB4E259BBCE600A88891 /* PastaListRow.swift in Sources */,
				6587FB6F259CFF7500A88891 /* CookTimeView.swift in Sources */,
				6587FB69259BE6C800A88891 /* PastaSizeView.swift in Sources */,
				6587FB6C259C462100A88891 /* ImageCreditView.swift in Sources */,
				6587FB58259BC5CD00A88891 /* PastaDetail.swift in Sources */,
				6587FB49259BBA4100A88891 /* Pasta.swift in Sources */,
				65372ACB259D5252005E1D7D /* Color.swift in Sources */,
			);
			runOnlyForDeploymentPostprocessing = 0;
		};
/* End PBXSourcesBuildPhase section */

/* Begin XCBuildConfiguration section */
		6587FB3D259BB18F00A88891 /* Debug */ = {
			isa = XCBuildConfiguration;
			buildSettings = {
				ALWAYS_SEARCH_USER_PATHS = NO;
				CLANG_ANALYZER_NONNULL = YES;
				CLANG_ANALYZER_NUMBER_OBJECT_CONVERSION = YES_AGGRESSIVE;
				CLANG_CXX_LANGUAGE_STANDARD = "gnu++14";
				CLANG_CXX_LIBRARY = "libc++";
				CLANG_ENABLE_MODULES = YES;
				CLANG_ENABLE_OBJC_ARC = YES;
				CLANG_ENABLE_OBJC_WEAK = YES;
				CLANG_WARN_BLOCK_CAPTURE_AUTORELEASING = YES;
				CLANG_WARN_BOOL_CONVERSION = YES;
				CLANG_WARN_COMMA = YES;
				CLANG_WARN_CONSTANT_CONVERSION = YES;
				CLANG_WARN_DEPRECATED_OBJC_IMPLEMENTATIONS = YES;
				CLANG_WARN_DIRECT_OBJC_ISA_USAGE = YES_ERROR;
				CLANG_WARN_DOCUMENTATION_COMMENTS = YES;
				CLANG_WARN_EMPTY_BODY = YES;
				CLANG_WARN_ENUM_CONVERSION = YES;
				CLANG_WARN_INFINITE_RECURSION = YES;
				CLANG_WARN_INT_CONVERSION = YES;
				CLANG_WARN_NON_LITERAL_NULL_CONVERSION = YES;
				CLANG_WARN_OBJC_IMPLICIT_RETAIN_SELF = YES;
				CLANG_WARN_OBJC_LITERAL_CONVERSION = YES;
				CLANG_WARN_OBJC_ROOT_CLASS = YES_ERROR;
				CLANG_WARN_QUOTED_INCLUDE_IN_FRAMEWORK_HEADER = YES;
				CLANG_WARN_RANGE_LOOP_ANALYSIS = YES;
				CLANG_WARN_STRICT_PROTOTYPES = YES;
				CLANG_WARN_SUSPICIOUS_MOVE = YES;
				CLANG_WARN_UNGUARDED_AVAILABILITY = YES_AGGRESSIVE;
				CLANG_WARN_UNREACHABLE_CODE = YES;
				CLANG_WARN__DUPLICATE_METHOD_MATCH = YES;
				COPY_PHASE_STRIP = NO;
				DEBUG_INFORMATION_FORMAT = dwarf;
				ENABLE_STRICT_OBJC_MSGSEND = YES;
				ENABLE_TESTABILITY = YES;
				GCC_C_LANGUAGE_STANDARD = gnu11;
				GCC_DYNAMIC_NO_PIC = NO;
				GCC_NO_COMMON_BLOCKS = YES;
				GCC_OPTIMIZATION_LEVEL = 0;
				GCC_PREPROCESSOR_DEFINITIONS = (
					"DEBUG=1",
					"$(inherited)",
				);
				GCC_WARN_64_TO_32_BIT_CONVERSION = YES;
				GCC_WARN_ABOUT_RETURN_TYPE = YES_ERROR;
				GCC_WARN_UNDECLARED_SELECTOR = YES;
				GCC_WARN_UNINITIALIZED_AUTOS = YES_AGGRESSIVE;
				GCC_WARN_UNUSED_FUNCTION = YES;
				GCC_WARN_UNUSED_VARIABLE = YES;
				IPHONEOS_DEPLOYMENT_TARGET = 14.3;
				MTL_ENABLE_DEBUG_INFO = INCLUDE_SOURCE;
				MTL_FAST_MATH = YES;
				ONLY_ACTIVE_ARCH = YES;
				SDKROOT = iphoneos;
				SWIFT_ACTIVE_COMPILATION_CONDITIONS = DEBUG;
				SWIFT_OPTIMIZATION_LEVEL = "-Onone";
			};
			name = Debug;
		};
		6587FB3E259BB18F00A88891 /* Release */ = {
			isa = XCBuildConfiguration;
			buildSettings = {
				ALWAYS_SEARCH_USER_PATHS = NO;
				CLANG_ANALYZER_NONNULL = YES;
				CLANG_ANALYZER_NUMBER_OBJECT_CONVERSION = YES_AGGRESSIVE;
				CLANG_CXX_LANGUAGE_STANDARD = "gnu++14";
				CLANG_CXX_LIBRARY = "libc++";
				CLANG_ENABLE_MODULES = YES;
				CLANG_ENABLE_OBJC_ARC = YES;
				CLANG_ENABLE_OBJC_WEAK = YES;
				CLANG_WARN_BLOCK_CAPTURE_AUTORELEASING = YES;
				CLANG_WARN_BOOL_CONVERSION = YES;
				CLANG_WARN_COMMA = YES;
				CLANG_WARN_CONSTANT_CONVERSION = YES;
				CLANG_WARN_DEPRECATED_OBJC_IMPLEMENTATIONS = YES;
				CLANG_WARN_DIRECT_OBJC_ISA_USAGE = YES_ERROR;
				CLANG_WARN_DOCUMENTATION_COMMENTS = YES;
				CLANG_WARN_EMPTY_BODY = YES;
				CLANG_WARN_ENUM_CONVERSION = YES;
				CLANG_WARN_INFINITE_RECURSION = YES;
				CLANG_WARN_INT_CONVERSION = YES;
				CLANG_WARN_NON_LITERAL_NULL_CONVERSION = YES;
				CLANG_WARN_OBJC_IMPLICIT_RETAIN_SELF = YES;
				CLANG_WARN_OBJC_LITERAL_CONVERSION = YES;
				CLANG_WARN_OBJC_ROOT_CLASS = YES_ERROR;
				CLANG_WARN_QUOTED_INCLUDE_IN_FRAMEWORK_HEADER = YES;
				CLANG_WARN_RANGE_LOOP_ANALYSIS = YES;
				CLANG_WARN_STRICT_PROTOTYPES = YES;
				CLANG_WARN_SUSPICIOUS_MOVE = YES;
				CLANG_WARN_UNGUARDED_AVAILABILITY = YES_AGGRESSIVE;
				CLANG_WARN_UNREACHABLE_CODE = YES;
				CLANG_WARN__DUPLICATE_METHOD_MATCH = YES;
				COPY_PHASE_STRIP = NO;
				DEBUG_INFORMATION_FORMAT = "dwarf-with-dsym";
				ENABLE_NS_ASSERTIONS = NO;
				ENABLE_STRICT_OBJC_MSGSEND = YES;
				GCC_C_LANGUAGE_STANDARD = gnu11;
				GCC_NO_COMMON_BLOCKS = YES;
				GCC_WARN_64_TO_32_BIT_CONVERSION = YES;
				GCC_WARN_ABOUT_RETURN_TYPE = YES_ERROR;
				GCC_WARN_UNDECLARED_SELECTOR = YES;
				GCC_WARN_UNINITIALIZED_AUTOS = YES_AGGRESSIVE;
				GCC_WARN_UNUSED_FUNCTION = YES;
				GCC_WARN_UNUSED_VARIABLE = YES;
				IPHONEOS_DEPLOYMENT_TARGET = 14.3;
				MTL_ENABLE_DEBUG_INFO = NO;
				MTL_FAST_MATH = YES;
				SDKROOT = iphoneos;
				SWIFT_COMPILATION_MODE = wholemodule;
				SWIFT_OPTIMIZATION_LEVEL = "-O";
				VALIDATE_PRODUCT = YES;
			};
			name = Release;
		};
		6587FB40259BB18F00A88891 /* Debug */ = {
			isa = XCBuildConfiguration;
			buildSettings = {
				ASSETCATALOG_COMPILER_APPICON_NAME = AppIcon;
				ASSETCATALOG_COMPILER_GLOBAL_ACCENT_COLOR_NAME = AccentColor;
				CODE_SIGN_STYLE = Automatic;
				DEVELOPMENT_ASSET_PATHS = "\"Pastapedia/Preview Content\"";
				DEVELOPMENT_TEAM = D5C9R5U7RN;
				ENABLE_PREVIEWS = YES;
				INFOPLIST_FILE = Pastapedia/Info.plist;
				IPHONEOS_DEPLOYMENT_TARGET = 14.0;
				LD_RUNPATH_SEARCH_PATHS = (
					"$(inherited)",
					"@executable_path/Frameworks",
				);
				PRODUCT_BUNDLE_IDENTIFIER = nbsa.Pastapedia;
				PRODUCT_NAME = "$(TARGET_NAME)";
				SWIFT_VERSION = 5.0;
				TARGETED_DEVICE_FAMILY = "1,2";
			};
			name = Debug;
		};
		6587FB41259BB18F00A88891 /* Release */ = {
			isa = XCBuildConfiguration;
			buildSettings = {
				ASSETCATALOG_COMPILER_APPICON_NAME = AppIcon;
				ASSETCATALOG_COMPILER_GLOBAL_ACCENT_COLOR_NAME = AccentColor;
				CODE_SIGN_STYLE = Automatic;
				DEVELOPMENT_ASSET_PATHS = "\"Pastapedia/Preview Content\"";
				DEVELOPMENT_TEAM = D5C9R5U7RN;
				ENABLE_PREVIEWS = YES;
				INFOPLIST_FILE = Pastapedia/Info.plist;
				IPHONEOS_DEPLOYMENT_TARGET = 14.0;
				LD_RUNPATH_SEARCH_PATHS = (
					"$(inherited)",
					"@executable_path/Frameworks",
				);
				PRODUCT_BUNDLE_IDENTIFIER = nbsa.Pastapedia;
				PRODUCT_NAME = "$(TARGET_NAME)";
				SWIFT_VERSION = 5.0;
				TARGETED_DEVICE_FAMILY = "1,2";
			};
			name = Release;
		};
/* End XCBuildConfiguration section */

/* Begin XCConfigurationList section */
		6587FB2B259BB18E00A88891 /* Build configuration list for PBXProject "Pastapedia" */ = {
			isa = XCConfigurationList;
			buildConfigurations = (
				6587FB3D259BB18F00A88891 /* Debug */,
				6587FB3E259BB18F00A88891 /* Release */,
			);
			defaultConfigurationIsVisible = 0;
			defaultConfigurationName = Release;
		};
		6587FB3F259BB18F00A88891 /* Build configuration list for PBXNativeTarget "Pastapedia" */ = {
			isa = XCConfigurationList;
			buildConfigurations = (
				6587FB40259BB18F00A88891 /* Debug */,
				6587FB41259BB18F00A88891 /* Release */,
			);
			defaultConfigurationIsVisible = 0;
			defaultConfigurationName = Release;
		};
/* End XCConfigurationList section */
	};
	rootObject = 6587FB28259BB18E00A88891 /* Project object */;
}
